
Microsoft Visual Studio Solution File, Format Version 12.00
# Visual Studio Version 17
VisualStudioVersion = 17.14.36518.9
MinimumVisualStudioVersion = 10.0.40219.1
Project("{2150E333-8FDC-42A3-9474-1A3956D46DE8}") = "Элементы решения", "Элементы решения", "{754FC069-D67B-A9D7-50A1-8D1CA196D8F1}"
	ProjectSection(SolutionItems) = preProject
		Compose.yml = Compose.yml
	EndProjectSection
EndProject
Project("{2150E333-8FDC-42A3-9474-1A3956D46DE8}") = "Services", "Services", "{845A730D-3AE4-4AB2-AB6C-3688E45AEFE0}"
EndProject
Project("{2150E333-8FDC-42A3-9474-1A3956D46DE8}") = "UserService", "UserService", "{F87EA5D1-6DF1-446B-9BCD-470FE2AC5061}"
EndProject
Project("{FAE04EC0-301F-11D3-BF4B-00C04F79EFBC}") = "UserService.API", "Services\UserService\UserService.API\UserService.API.csproj", "{56A14AC8-2F97-9895-BCAF-AF816DE1BBCD}"
EndProject
Project("{FAE04EC0-301F-11D3-BF4B-00C04F79EFBC}") = "UserService.ApplicationLayer", "Services\UserService\UserService.ApplicationLayer\UserService.ApplicationLayer.csproj", "{4430D25C-802F-509E-DE97-2B7C52395571}"
EndProject
Project("{FAE04EC0-301F-11D3-BF4B-00C04F79EFBC}") = "UserService.CoreLayer", "Services\UserService\UserService.CoreLayer\UserService.CoreLayer.csproj", "{CBFD0894-F5FE-157E-2DAE-902B60BFC3E5}"
EndProject
Project("{FAE04EC0-301F-11D3-BF4B-00C04F79EFBC}") = "UserService.InfrastrucureLayer", "Services\UserService\UserService.InfrastrucureLayer\UserService.InfrastrucureLayer.csproj", "{8E4D4038-8E5B-FC41-03B3-32259CD6DABA}"
EndProject
Project("{2150E333-8FDC-42A3-9474-1A3956D46DE8}") = "ProductService", "ProductService", "{71FCAAB1-A1CD-4279-8545-673C60A9A82D}"
EndProject
Project("{FAE04EC0-301F-11D3-BF4B-00C04F79EFBC}") = "ProductService.API", "Services\ProductService\ProductService.API\ProductService.API.csproj", "{3C23C93D-0F0E-38BF-EA8E-B9A22EC3B77D}"
EndProject
Project("{FAE04EC0-301F-11D3-BF4B-00C04F79EFBC}") = "ProductService.CoreLayer", "Services\ProductService\ProductService.CoreLayer\ProductService.CoreLayer.csproj", "{44DDCDFE-727A-4FC4-8C15-D2A29F665409}"
EndProject
Project("{FAE04EC0-301F-11D3-BF4B-00C04F79EFBC}") = "ProductService.InfrastructureLayer", "Services\ProductService\ProductService.InfrastructureLayer\ProductService.InfrastructureLayer.csproj", "{DBE36E06-AE85-A615-E8EB-A46A0B0E7032}"
EndProject
Project("{FAE04EC0-301F-11D3-BF4B-00C04F79EFBC}") = "ProductService.ApplicationLayer", "Services\ProductService\ProductService.ApplicationLayer\ProductService.ApplicationLayer.csproj", "{31A63804-BA53-5AE8-9ED5-AC4E7678675C}"
EndProject
Global
	GlobalSection(SolutionConfigurationPlatforms) = preSolution
		Debug|Any CPU = Debug|Any CPU
		Release|Any CPU = Release|Any CPU
	EndGlobalSection
	GlobalSection(ProjectConfigurationPlatforms) = postSolution
		{56A14AC8-2F97-9895-BCAF-AF816DE1BBCD}.Debug|Any CPU.ActiveCfg = Debug|Any CPU
		{56A14AC8-2F97-9895-BCAF-AF816DE1BBCD}.Debug|Any CPU.Build.0 = Debug|Any CPU
		{56A14AC8-2F97-9895-BCAF-AF816DE1BBCD}.Release|Any CPU.ActiveCfg = Release|Any CPU
		{56A14AC8-2F97-9895-BCAF-AF816DE1BBCD}.Release|Any CPU.Build.0 = Release|Any CPU
		{4430D25C-802F-509E-DE97-2B7C52395571}.Debug|Any CPU.ActiveCfg = Debug|Any CPU
		{4430D25C-802F-509E-DE97-2B7C52395571}.Debug|Any CPU.Build.0 = Debug|Any CPU
		{4430D25C-802F-509E-DE97-2B7C52395571}.Release|Any CPU.ActiveCfg = Release|Any CPU
		{4430D25C-802F-509E-DE97-2B7C52395571}.Release|Any CPU.Build.0 = Release|Any CPU
		{CBFD0894-F5FE-157E-2DAE-902B60BFC3E5}.Debug|Any CPU.ActiveCfg = Debug|Any CPU
		{CBFD0894-F5FE-157E-2DAE-902B60BFC3E5}.Debug|Any CPU.Build.0 = Debug|Any CPU
		{CBFD0894-F5FE-157E-2DAE-902B60BFC3E5}.Release|Any CPU.ActiveCfg = Release|Any CPU
		{CBFD0894-F5FE-157E-2DAE-902B60BFC3E5}.Release|Any CPU.Build.0 = Release|Any CPU
		{8E4D4038-8E5B-FC41-03B3-32259CD6DABA}.Debug|Any CPU.ActiveCfg = Debug|Any CPU
		{8E4D4038-8E5B-FC41-03B3-32259CD6DABA}.Debug|Any CPU.Build.0 = Debug|Any CPU
		{8E4D4038-8E5B-FC41-03B3-32259CD6DABA}.Release|Any CPU.ActiveCfg = Release|Any CPU
		{8E4D4038-8E5B-FC41-03B3-32259CD6DABA}.Release|Any CPU.Build.0 = Release|Any CPU
		{3C23C93D-0F0E-38BF-EA8E-B9A22EC3B77D}.Debug|Any CPU.ActiveCfg = Debug|Any CPU
		{3C23C93D-0F0E-38BF-EA8E-B9A22EC3B77D}.Debug|Any CPU.Build.0 = Debug|Any CPU
		{3C23C93D-0F0E-38BF-EA8E-B9A22EC3B77D}.Release|Any CPU.ActiveCfg = Release|Any CPU
		{3C23C93D-0F0E-38BF-EA8E-B9A22EC3B77D}.Release|Any CPU.Build.0 = Release|Any CPU
		{44DDCDFE-727A-4FC4-8C15-D2A29F665409}.Debug|Any CPU.ActiveCfg = Debug|Any CPU
		{44DDCDFE-727A-4FC4-8C15-D2A29F665409}.Debug|Any CPU.Build.0 = Debug|Any CPU
		{44DDCDFE-727A-4FC4-8C15-D2A29F665409}.Release|Any CPU.ActiveCfg = Release|Any CPU
		{44DDCDFE-727A-4FC4-8C15-D2A29F665409}.Release|Any CPU.Build.0 = Release|Any CPU
		{DBE36E06-AE85-A615-E8EB-A46A0B0E7032}.Debug|Any CPU.ActiveCfg = Debug|Any CPU
		{DBE36E06-AE85-A615-E8EB-A46A0B0E7032}.Debug|Any CPU.Build.0 = Debug|Any CPU
		{DBE36E06-AE85-A615-E8EB-A46A0B0E7032}.Release|Any CPU.ActiveCfg = Release|Any CPU
		{DBE36E06-AE85-A615-E8EB-A46A0B0E7032}.Release|Any CPU.Build.0 = Release|Any CPU
		{31A63804-BA53-5AE8-9ED5-AC4E7678675C}.Debug|Any CPU.ActiveCfg = Debug|Any CPU
		{31A63804-BA53-5AE8-9ED5-AC4E7678675C}.Debug|Any CPU.Build.0 = Debug|Any CPU
		{31A63804-BA53-5AE8-9ED5-AC4E7678675C}.Release|Any CPU.ActiveCfg = Release|Any CPU
		{31A63804-BA53-5AE8-9ED5-AC4E7678675C}.Release|Any CPU.Build.0 = Release|Any CPU
	EndGlobalSection
	GlobalSection(SolutionProperties) = preSolution
		HideSolutionNode = FALSE
	EndGlobalSection
	GlobalSection(NestedProjects) = preSolution
		{F87EA5D1-6DF1-446B-9BCD-470FE2AC5061} = {845A730D-3AE4-4AB2-AB6C-3688E45AEFE0}
		{56A14AC8-2F97-9895-BCAF-AF816DE1BBCD} = {F87EA5D1-6DF1-446B-9BCD-470FE2AC5061}
		{4430D25C-802F-509E-DE97-2B7C52395571} = {F87EA5D1-6DF1-446B-9BCD-470FE2AC5061}
		{CBFD0894-F5FE-157E-2DAE-902B60BFC3E5} = {F87EA5D1-6DF1-446B-9BCD-470FE2AC5061}
		{8E4D4038-8E5B-FC41-03B3-32259CD6DABA} = {F87EA5D1-6DF1-446B-9BCD-470FE2AC5061}
		{71FCAAB1-A1CD-4279-8545-673C60A9A82D} = {845A730D-3AE4-4AB2-AB6C-3688E45AEFE0}
		{3C23C93D-0F0E-38BF-EA8E-B9A22EC3B77D} = {71FCAAB1-A1CD-4279-8545-673C60A9A82D}
		{44DDCDFE-727A-4FC4-8C15-D2A29F665409} = {71FCAAB1-A1CD-4279-8545-673C60A9A82D}
		{DBE36E06-AE85-A615-E8EB-A46A0B0E7032} = {71FCAAB1-A1CD-4279-8545-673C60A9A82D}
		{31A63804-BA53-5AE8-9ED5-AC4E7678675C} = {71FCAAB1-A1CD-4279-8545-673C60A9A82D}
	EndGlobalSection
	GlobalSection(ExtensibilityGlobals) = postSolution
		SolutionGuid = {8106A049-23B7-4A41-946B-62670221150D}
	EndGlobalSection
EndGlobal
